
Microsoft Visual Studio Solution File, Format Version 12.00
# Visual Studio 2013
VisualStudioVersion = 12.0.31101.0
MinimumVisualStudioVersion = 10.0.40219.1
Project("{FAE04EC0-301F-11D3-BF4B-00C04F79EFBC}") = "WebSite", "WebSite\WebSite.csproj", "{C4F9C055-EBDA-4AB6-9D13-CF39C249CE1B}"
EndProject
Project("{FAE04EC0-301F-11D3-BF4B-00C04F79EFBC}") = "WebSite.Tests", "WebSite.Tests\WebSite.Tests.csproj", "{C8F5CC71-7460-4AB2-8CDD-7446976486BA}"
EndProject
Project("{FAE04EC0-301F-11D3-BF4B-00C04F79EFBC}") = "Model", "Model\Model.csproj", "{D16D0B79-97B1-4D8A-8F7F-C38249BA2F32}"
EndProject
Global
	GlobalSection(SolutionConfigurationPlatforms) = preSolution
		Debug|Any CPU = Debug|Any CPU
		Release|Any CPU = Release|Any CPU
	EndGlobalSection
	GlobalSection(ProjectConfigurationPlatforms) = postSolution
		{C4F9C055-EBDA-4AB6-9D13-CF39C249CE1B}.Debug|Any CPU.ActiveCfg = Debug|Any CPU
		{C4F9C055-EBDA-4AB6-9D13-CF39C249CE1B}.Debug|Any CPU.Build.0 = Debug|Any CPU
		{C4F9C055-EBDA-4AB6-9D13-CF39C249CE1B}.Release|Any CPU.ActiveCfg = Release|Any CPU
		{C4F9C055-EBDA-4AB6-9D13-CF39C249CE1B}.Release|Any CPU.Build.0 = Release|Any CPU
		{C8F5CC71-7460-4AB2-8CDD-7446976486BA}.Debug|Any CPU.ActiveCfg = Debug|Any CPU
		{C8F5CC71-7460-4AB2-8CDD-7446976486BA}.Debug|Any CPU.Build.0 = Debug|Any CPU
		{C8F5CC71-7460-4AB2-8CDD-7446976486BA}.Release|Any CPU.ActiveCfg = Release|Any CPU
		{C8F5CC71-7460-4AB2-8CDD-7446976486BA}.Release|Any CPU.Build.0 = Release|Any CPU
		{D16D0B79-97B1-4D8A-8F7F-C38249BA2F32}.Debug|Any CPU.ActiveCfg = Debug|Any CPU
		{D16D0B79-97B1-4D8A-8F7F-C38249BA2F32}.Debug|Any CPU.Build.0 = Debug|Any CPU
		{D16D0B79-97B1-4D8A-8F7F-C38249BA2F32}.Release|Any CPU.ActiveCfg = Release|Any CPU
		{D16D0B79-97B1-4D8A-8F7F-C38249BA2F32}.Release|Any CPU.Build.0 = Release|Any CPU
	EndGlobalSection
	GlobalSection(SolutionProperties) = preSolution
		HideSolutionNode = FALSE
	EndGlobalSection
EndGlobal
